
Microsoft Visual Studio Solution File, Format Version 12.00
# Visual Studio Version 17
VisualStudioVersion = 17.14.36623.8 d17.14
MinimumVisualStudioVersion = 10.0.40219.1
Project("{FAE04EC0-301F-11D3-BF4B-00C04F79EFBC}") = "DoAnTinHoc", "DoAnTinHoc\DoAnTinHoc.csproj", "{AF6B9424-B6B3-4076-A687-F9643AA4CD24}"
EndProject
Global
	GlobalSection(SolutionConfigurationPlatforms) = preSolution
		Debug|Any CPU = Debug|Any CPU
		Release|Any CPU = Release|Any CPU
	EndGlobalSection
	GlobalSection(ProjectConfigurationPlatforms) = postSolution
		{AF6B9424-B6B3-4076-A687-F9643AA4CD24}.Debug|Any CPU.ActiveCfg = Debug|Any CPU
		{AF6B9424-B6B3-4076-A687-F9643AA4CD24}.Debug|Any CPU.Build.0 = Debug|Any CPU
		{AF6B9424-B6B3-4076-A687-F9643AA4CD24}.Release|Any CPU.ActiveCfg = Release|Any CPU
		{AF6B9424-B6B3-4076-A687-F9643AA4CD24}.Release|Any CPU.Build.0 = Release|Any CPU
	EndGlobalSection
	GlobalSection(SolutionProperties) = preSolution
		HideSolutionNode = FALSE
	EndGlobalSection
	GlobalSection(ExtensibilityGlobals) = postSolution
		SolutionGuid = {0D245E1A-2D20-49CB-ACFD-23E9BF8502A8}
	EndGlobalSection
EndGlobal
